
Microsoft Visual Studio Solution File, Format Version 12.00
# Visual Studio Version 17
VisualStudioVersion = 17.14.37328.6 d17.14
MinimumVisualStudioVersion = 10.0.40219.1
Project("{8BC9CEB8-8B4A-11D0-8D11-00A0C91BC942}") = "openglEngine", "openglEngine.vcxproj", "{79C14D81-523C-452A-9CBF-B2204AE43F7D}"
EndProject
Global
	GlobalSection(SolutionConfigurationPlatforms) = preSolution
		Debug|x64 = Debug|x64
		Debug|x86 = Debug|x86
		Release|x64 = Release|x64
		Release|x86 = Release|x86
	EndGlobalSection
	GlobalSection(ProjectConfigurationPlatforms) = postSolution
		{79C14D81-523C-452A-9CBF-B2204AE43F7D}.Debug|x64.ActiveCfg = Debug|x64
		{79C14D81-523C-452A-9CBF-B2204AE43F7D}.Debug|x64.Build.0 = Debug|x64
		{79C14D81-523C-452A-9CBF-B2204AE43F7D}.Debug|x86.ActiveCfg = Debug|Win32
		{79C14D81-523C-452A-9CBF-B2204AE43F7D}.Debug|x86.Build.0 = Debug|Win32
		{79C14D81-523C-452A-9CBF-B2204AE43F7D}.Release|x64.ActiveCfg = Release|x64
		{79C14D81-523C-452A-9CBF-B2204AE43F7D}.Release|x64.Build.0 = Release|x64
		{79C14D81-523C-452A-9CBF-B2204AE43F7D}.Release|x86.ActiveCfg = Release|Win32
		{79C14D81-523C-452A-9CBF-B2204AE43F7D}.Release|x86.Build.0 = Release|Win32
	EndGlobalSection
	GlobalSection(SolutionProperties) = preSolution
		HideSolutionNode = FALSE
	EndGlobalSection
	GlobalSection(ExtensibilityGlobals) = postSolution
		SolutionGuid = {C0E734A3-0160-4966-919D-2352163EFD24}
	EndGlobalSection
EndGlobal
